
Microsoft Visual Studio Solution File, Format Version 11.00
# Visual Studio 2010
Project("{FAE04EC0-301F-11D3-BF4B-00C04F79EFBC}") = "WindowsFormsApplication1", "WindowsFormsApplication1\WindowsFormsApplication1.csproj", "{B37E6868-A166-48FE-ACA5-3C0580992D77}"
EndProject
Project("{54435603-DBB4-11D2-8724-00A0C9A8B90C}") = "QuanLyBanHangDienTu", "..\..\QuanLyBanHangDienTu\QuanLyBanHangDienTu.vdproj", "{B984BAAB-C97D-4C75-91FA-C8723EA46DEB}"
EndProject
Global
	GlobalSection(SolutionConfigurationPlatforms) = preSolution
		Debug|x86 = Debug|x86
		Release|x86 = Release|x86
	EndGlobalSection
	GlobalSection(ProjectConfigurationPlatforms) = postSolution
		{B37E6868-A166-48FE-ACA5-3C0580992D77}.Debug|x86.ActiveCfg = Debug|x86
		{B37E6868-A166-48FE-ACA5-3C0580992D77}.Debug|x86.Build.0 = Debug|x86
		{B37E6868-A166-48FE-ACA5-3C0580992D77}.Release|x86.ActiveCfg = Release|x86
		{B37E6868-A166-48FE-ACA5-3C0580992D77}.Release|x86.Build.0 = Release|x86
		{B984BAAB-C97D-4C75-91FA-C8723EA46DEB}.Debug|x86.ActiveCfg = Debug
		{B984BAAB-C97D-4C75-91FA-C8723EA46DEB}.Release|x86.ActiveCfg = Release
	EndGlobalSection
	GlobalSection(SolutionProperties) = preSolution
		HideSolutionNode = FALSE
	EndGlobalSection
EndGlobal
